// !$*UTF8*$!
{
	archiveVersion = 1;
	classes = {
	};
	objectVersion = 55;
	objects = {

/* Begin PBXBuildFile section */
		AE29C40227975E1200F993FB /* CatMainView.swift in Sources */ = {isa = PBXBuildFile; fileRef = AE29C40127975E1200F993FB /* CatMainView.swift */; };
		AE29C4042797758700F993FB /* StarView.swift in Sources */ = {isa = PBXBuildFile; fileRef = AE29C4032797758700F993FB /* StarView.swift */; };
		AE29C4062797876E00F993FB /* CatStatsView.swift in Sources */ = {isa = PBXBuildFile; fileRef = AE29C4052797876E00F993FB /* CatStatsView.swift */; };
		AE29C4082797C98100F993FB /* CatEtcView.swift in Sources */ = {isa = PBXBuildFile; fileRef = AE29C4072797C98100F993FB /* CatEtcView.swift */; };
		AE5124DC278D56A700B574D7 /* CaturdayApp.swift in Sources */ = {isa = PBXBuildFile; fileRef = AE5124DB278D56A700B574D7 /* CaturdayApp.swift */; };
		AE5124DE278D56A700B574D7 /* ContentView.swift in Sources */ = {isa = PBXBuildFile; fileRef = AE5124DD278D56A700B574D7 /* ContentView.swift */; };
		AE5124E0278D56A800B574D7 /* Assets.xcassets in Resources */ = {isa = PBXBuildFile; fileRef = AE5124DF278D56A800B574D7 /* Assets.xcassets */; };
		AE5124E3278D56A800B574D7 /* Preview Assets.xcassets in Resources */ = {isa = PBXBuildFile; fileRef = AE5124E2278D56A800B574D7 /* Preview Assets.xcassets */; };
		AE5124ED278D56A900B574D7 /* CaturdayTests.swift in Sources */ = {isa = PBXBuildFile; fileRef = AE5124EC278D56A900B574D7 /* CaturdayTests.swift */; };
		AE5124F7278D56A900B574D7 /* CaturdayUITests.swift in Sources */ = {isa = PBXBuildFile; fileRef = AE5124F6278D56A900B574D7 /* CaturdayUITests.swift */; };
		AE5124F9278D56A900B574D7 /* CaturdayUITestsLaunchTests.swift in Sources */ = {isa = PBXBuildFile; fileRef = AE5124F8278D56A900B574D7 /* CaturdayUITestsLaunchTests.swift */; };
		AE512509278D581100B574D7 /* Cat.swift in Sources */ = {isa = PBXBuildFile; fileRef = AE512508278D581100B574D7 /* Cat.swift */; };
		AE51250B278D587B00B574D7 /* CatImage.swift in Sources */ = {isa = PBXBuildFile; fileRef = AE51250A278D587B00B574D7 /* CatImage.swift */; };
		AE51250D278D615200B574D7 /* NetworkManager.swift in Sources */ = {isa = PBXBuildFile; fileRef = AE51250C278D615200B574D7 /* NetworkManager.swift */; };
		AE51250F278D634F00B574D7 /* CatListView.swift in Sources */ = {isa = PBXBuildFile; fileRef = AE51250E278D634F00B574D7 /* CatListView.swift */; };
		AE512511278D636300B574D7 /* ErrorView.swift in Sources */ = {isa = PBXBuildFile; fileRef = AE512510278D636300B574D7 /* ErrorView.swift */; };
		AE512513278D636900B574D7 /* LoadingView.swift in Sources */ = {isa = PBXBuildFile; fileRef = AE512512278D636900B574D7 /* LoadingView.swift */; };
		AE61890B278E1EEE00745C16 /* APIService.swift in Sources */ = {isa = PBXBuildFile; fileRef = AE61890A278E1EEE00745C16 /* APIService.swift */; };
		AE789438279B503800CDE7FF /* CatPageView.swift in Sources */ = {isa = PBXBuildFile; fileRef = AE789437279B503800CDE7FF /* CatPageView.swift */; };
		AE8D325B27962E1A001CF9FF /* TabMenuView.swift in Sources */ = {isa = PBXBuildFile; fileRef = AE8D325A27962E1A001CF9FF /* TabMenuView.swift */; };
		AE8D325D27962E38001CF9FF /* Tabs.swift in Sources */ = {isa = PBXBuildFile; fileRef = AE8D325C27962E38001CF9FF /* Tabs.swift */; };
		AEC561C7278F347600FFD188 /* CatRowView.swift in Sources */ = {isa = PBXBuildFile; fileRef = AEC561C6278F347600FFD188 /* CatRowView.swift */; };
		AEC561C9278F34CA00FFD188 /* CatDetailView.swift in Sources */ = {isa = PBXBuildFile; fileRef = AEC561C8278F34CA00FFD188 /* CatDetailView.swift */; };
		AEC5E704278DDE4200A1F3DC /* APIError.swift in Sources */ = {isa = PBXBuildFile; fileRef = AEC5E703278DDE4200A1F3DC /* APIError.swift */; };
		AED364B02790908B006642AB /* APIMockService.swift in Sources */ = {isa = PBXBuildFile; fileRef = AED364AF2790908B006642AB /* APIMockService.swift */; };
		AED364B2279090D4006642AB /* APIServiceProtocol.swift in Sources */ = {isa = PBXBuildFile; fileRef = AED364B1279090D4006642AB /* APIServiceProtocol.swift */; };
/* End PBXBuildFile section */

/* Begin PBXContainerItemProxy section */
		AE5124E9278D56A900B574D7 /* PBXContainerItemProxy */ = {
			isa = PBXContainerItemProxy;
			containerPortal = AE5124D0278D56A700B574D7 /* Project object */;
			proxyType = 1;
			remoteGlobalIDString = AE5124D7278D56A700B574D7;
			remoteInfo = Caturday;
		};
		AE5124F3278D56A900B574D7 /* PBXContainerItemProxy */ = {
			isa = PBXContainerItemProxy;
			containerPortal = AE5124D0278D56A700B574D7 /* Project object */;
			proxyType = 1;
			remoteGlobalIDString = AE5124D7278D56A700B574D7;
			remoteInfo = Caturday;
		};
/* End PBXContainerItemProxy section */

/* Begin PBXFileReference section */
		AE29C40127975E1200F993FB /* CatMainView.swift */ = {isa = PBXFileReference; lastKnownFileType = sourcecode.swift; path = CatMainView.swift; sourceTree = "<group>"; };
		AE29C4032797758700F993FB /* StarView.swift */ = {isa = PBXFileReference; lastKnownFileType = sourcecode.swift; path = StarView.swift; sourceTree = "<group>"; };
		AE29C4052797876E00F993FB /* CatStatsView.swift */ = {isa = PBXFileReference; lastKnownFileType = sourcecode.swift; path = CatStatsView.swift; sourceTree = "<group>"; };
		AE29C4072797C98100F993FB /* CatEtcView.swift */ = {isa = PBXFileReference; lastKnownFileType = sourcecode.swift; path = CatEtcView.swift; sourceTree = "<group>"; };
		AE5124D8278D56A700B574D7 /* Caturday.app */ = {isa = PBXFileReference; explicitFileType = wrapper.application; includeInIndex = 0; path = Caturday.app; sourceTree = BUILT_PRODUCTS_DIR; };
		AE5124DB278D56A700B574D7 /* CaturdayApp.swift */ = {isa = PBXFileReference; lastKnownFileType = sourcecode.swift; path = CaturdayApp.swift; sourceTree = "<group>"; };
		AE5124DD278D56A700B574D7 /* ContentView.swift */ = {isa = PBXFileReference; lastKnownFileType = sourcecode.swift; path = ContentView.swift; sourceTree = "<group>"; };
		AE5124DF278D56A800B574D7 /* Assets.xcassets */ = {isa = PBXFileReference; lastKnownFileType = folder.assetcatalog; path = Assets.xcassets; sourceTree = "<group>"; };
		AE5124E2278D56A800B574D7 /* Preview Assets.xcassets */ = {isa = PBXFileReference; lastKnownFileType = folder.assetcatalog; path = "Preview Assets.xcassets"; sourceTree = "<group>"; };
		AE5124E8278D56A900B574D7 /* CaturdayTests.xctest */ = {isa = PBXFileReference; explicitFileType = wrapper.cfbundle; includeInIndex = 0; path = CaturdayTests.xctest; sourceTree = BUILT_PRODUCTS_DIR; };
		AE5124EC278D56A900B574D7 /* CaturdayTests.swift */ = {isa = PBXFileReference; lastKnownFileType = sourcecode.swift; path = CaturdayTests.swift; sourceTree = "<group>"; };
		AE5124F2278D56A900B574D7 /* CaturdayUITests.xctest */ = {isa = PBXFileReference; explicitFileType = wrapper.cfbundle; includeInIndex = 0; path = CaturdayUITests.xctest; sourceTree = BUILT_PRODUCTS_DIR; };
		AE5124F6278D56A900B574D7 /* CaturdayUITests.swift */ = {isa = PBXFileReference; lastKnownFileType = sourcecode.swift; path = CaturdayUITests.swift; sourceTree = "<group>"; };
		AE5124F8278D56A900B574D7 /* CaturdayUITestsLaunchTests.swift */ = {isa = PBXFileReference; lastKnownFileType = sourcecode.swift; path = CaturdayUITestsLaunchTests.swift; sourceTree = "<group>"; };
		AE512508278D581100B574D7 /* Cat.swift */ = {isa = PBXFileReference; lastKnownFileType = sourcecode.swift; path = Cat.swift; sourceTree = "<group>"; };
		AE51250A278D587B00B574D7 /* CatImage.swift */ = {isa = PBXFileReference; lastKnownFileType = sourcecode.swift; path = CatImage.swift; sourceTree = "<group>"; };
		AE51250C278D615200B574D7 /* NetworkManager.swift */ = {isa = PBXFileReference; lastKnownFileType = sourcecode.swift; path = NetworkManager.swift; sourceTree = "<group>"; };
		AE51250E278D634F00B574D7 /* CatListView.swift */ = {isa = PBXFileReference; lastKnownFileType = sourcecode.swift; path = CatListView.swift; sourceTree = "<group>"; };
		AE512510278D636300B574D7 /* ErrorView.swift */ = {isa = PBXFileReference; lastKnownFileType = sourcecode.swift; path = ErrorView.swift; sourceTree = "<group>"; };
		AE512512278D636900B574D7 /* LoadingView.swift */ = {isa = PBXFileReference; lastKnownFileType = sourcecode.swift; path = LoadingView.swift; sourceTree = "<group>"; };
		AE61890A278E1EEE00745C16 /* APIService.swift */ = {isa = PBXFileReference; lastKnownFileType = sourcecode.swift; path = APIService.swift; sourceTree = "<group>"; };
		AE789437279B503800CDE7FF /* CatPageView.swift */ = {isa = PBXFileReference; lastKnownFileType = sourcecode.swift; path = CatPageView.swift; sourceTree = "<group>"; };
		AE8D325A27962E1A001CF9FF /* TabMenuView.swift */ = {isa = PBXFileReference; lastKnownFileType = sourcecode.swift; path = TabMenuView.swift; sourceTree = "<group>"; };
		AE8D325C27962E38001CF9FF /* Tabs.swift */ = {isa = PBXFileReference; lastKnownFileType = sourcecode.swift; path = Tabs.swift; sourceTree = "<group>"; };
		AEC561C6278F347600FFD188 /* CatRowView.swift */ = {isa = PBXFileReference; lastKnownFileType = sourcecode.swift; path = CatRowView.swift; sourceTree = "<group>"; };
		AEC561C8278F34CA00FFD188 /* CatDetailView.swift */ = {isa = PBXFileReference; lastKnownFileType = sourcecode.swift; path = CatDetailView.swift; sourceTree = "<group>"; };
		AEC5E703278DDE4200A1F3DC /* APIError.swift */ = {isa = PBXFileReference; lastKnownFileType = sourcecode.swift; path = APIError.swift; sourceTree = "<group>"; };
		AED364AF2790908B006642AB /* APIMockService.swift */ = {isa = PBXFileReference; lastKnownFileType = sourcecode.swift; path = APIMockService.swift; sourceTree = "<group>"; };
		AED364B1279090D4006642AB /* APIServiceProtocol.swift */ = {isa = PBXFileReference; lastKnownFileType = sourcecode.swift; path = APIServiceProtocol.swift; sourceTree = "<group>"; };
/* End PBXFileReference section */

/* Begin PBXFrameworksBuildPhase section */
		AE5124D5278D56A700B574D7 /* Frameworks */ = {
			isa = PBXFrameworksBuildPhase;
			buildActionMask = 2147483647;
			files = (
			);
			runOnlyForDeploymentPostprocessing = 0;
		};
		AE5124E5278D56A900B574D7 /* Frameworks */ = {
			isa = PBXFrameworksBuildPhase;
			buildActionMask = 2147483647;
			files = (
			);
			runOnlyForDeploymentPostprocessing = 0;
		};
		AE5124EF278D56A900B574D7 /* Frameworks */ = {
			isa = PBXFrameworksBuildPhase;
			buildActionMask = 2147483647;
			files = (
			);
			runOnlyForDeploymentPostprocessing = 0;
		};
/* End PBXFrameworksBuildPhase section */

/* Begin PBXGroup section */
		AE5124CF278D56A700B574D7 = {
			isa = PBXGroup;
			children = (
				AE5124DA278D56A700B574D7 /* Caturday */,
				AE5124EB278D56A900B574D7 /* CaturdayTests */,
				AE5124F5278D56A900B574D7 /* CaturdayUITests */,
				AE5124D9278D56A700B574D7 /* Products */,
			);
			sourceTree = "<group>";
		};
		AE5124D9278D56A700B574D7 /* Products */ = {
			isa = PBXGroup;
			children = (
				AE5124D8278D56A700B574D7 /* Caturday.app */,
				AE5124E8278D56A900B574D7 /* CaturdayTests.xctest */,
				AE5124F2278D56A900B574D7 /* CaturdayUITests.xctest */,
			);
			name = Products;
			sourceTree = "<group>";
		};
		AE5124DA278D56A700B574D7 /* Caturday */ = {
			isa = PBXGroup;
			children = (
				AE5124DB278D56A700B574D7 /* CaturdayApp.swift */,
				AE5124DD278D56A700B574D7 /* ContentView.swift */,
				AE8D325927962E04001CF9FF /* Components */,
				AE512505278D573F00B574D7 /* VIew */,
				AE512507278D574D00B574D7 /* Networking */,
				AE512506278D574700B574D7 /* Model */,
				AE5124DF278D56A800B574D7 /* Assets.xcassets */,
				AE5124E1278D56A800B574D7 /* Preview Content */,
			);
			path = Caturday;
			sourceTree = "<group>";
		};
		AE5124E1278D56A800B574D7 /* Preview Content */ = {
			isa = PBXGroup;
			children = (
				AE5124E2278D56A800B574D7 /* Preview Assets.xcassets */,
			);
			path = "Preview Content";
			sourceTree = "<group>";
		};
		AE5124EB278D56A900B574D7 /* CaturdayTests */ = {
			isa = PBXGroup;
			children = (
				AE5124EC278D56A900B574D7 /* CaturdayTests.swift */,
			);
			path = CaturdayTests;
			sourceTree = "<group>";
		};
		AE5124F5278D56A900B574D7 /* CaturdayUITests */ = {
			isa = PBXGroup;
			children = (
				AE5124F6278D56A900B574D7 /* CaturdayUITests.swift */,
				AE5124F8278D56A900B574D7 /* CaturdayUITestsLaunchTests.swift */,
			);
			path = CaturdayUITests;
			sourceTree = "<group>";
		};
		AE512505278D573F00B574D7 /* VIew */ = {
			isa = PBXGroup;
			children = (
				AE512510278D636300B574D7 /* ErrorView.swift */,
				AE512512278D636900B574D7 /* LoadingView.swift */,
				AE51250E278D634F00B574D7 /* CatListView.swift */,
				AEC561C6278F347600FFD188 /* CatRowView.swift */,
				AEC561C8278F34CA00FFD188 /* CatDetailView.swift */,
				AE789437279B503800CDE7FF /* CatPageView.swift */,
				AE29C40127975E1200F993FB /* CatMainView.swift */,
				AE29C4052797876E00F993FB /* CatStatsView.swift */,
				AE29C4072797C98100F993FB /* CatEtcView.swift */,
			);
			path = VIew;
			sourceTree = "<group>";
		};
		AE512506278D574700B574D7 /* Model */ = {
			isa = PBXGroup;
			children = (
				AE512508278D581100B574D7 /* Cat.swift */,
				AE51250A278D587B00B574D7 /* CatImage.swift */,
				AE8D325C27962E38001CF9FF /* Tabs.swift */,
			);
			path = Model;
			sourceTree = "<group>";
		};
		AE512507278D574D00B574D7 /* Networking */ = {
			isa = PBXGroup;
			children = (
				AE51250C278D615200B574D7 /* NetworkManager.swift */,
				AEC5E703278DDE4200A1F3DC /* APIError.swift */,
				AE61890A278E1EEE00745C16 /* APIService.swift */,
				AED364AF2790908B006642AB /* APIMockService.swift */,
				AED364B1279090D4006642AB /* APIServiceProtocol.swift */,
			);
			path = Networking;
			sourceTree = "<group>";
		};
		AE8D325927962E04001CF9FF /* Components */ = {
			isa = PBXGroup;
			children = (
				AE8D325A27962E1A001CF9FF /* TabMenuView.swift */,
				AE29C4032797758700F993FB /* StarView.swift */,
			);
			path = Components;
			sourceTree = "<group>";
		};
/* End PBXGroup section */

/* Begin PBXNativeTarget section */
		AE5124D7278D56A700B574D7 /* Caturday */ = {
			isa = PBXNativeTarget;
			buildConfigurationList = AE5124FC278D56A900B574D7 /* Build configuration list for PBXNativeTarget "Caturday" */;
			buildPhases = (
				AE5124D4278D56A700B574D7 /* Sources */,
				AE5124D5278D56A700B574D7 /* Frameworks */,
				AE5124D6278D56A700B574D7 /* Resources */,
			);
			buildRules = (
			);
			dependencies = (
			);
			name = Caturday;
			productName = Caturday;
			productReference = AE5124D8278D56A700B574D7 /* Caturday.app */;
			productType = "com.apple.product-type.application";
		};
		AE5124E7278D56A900B574D7 /* CaturdayTests */ = {
			isa = PBXNativeTarget;
			buildConfigurationList = AE5124FF278D56A900B574D7 /* Build configuration list for PBXNativeTarget "CaturdayTests" */;
			buildPhases = (
				AE5124E4278D56A900B574D7 /* Sources */,
				AE5124E5278D56A900B574D7 /* Frameworks */,
				AE5124E6278D56A900B574D7 /* Resources */,
			);
			buildRules = (
			);
			dependencies = (
				AE5124EA278D56A900B574D7 /* PBXTargetDependency */,
			);
			name = CaturdayTests;
			productName = CaturdayTests;
			productReference = AE5124E8278D56A900B574D7 /* CaturdayTests.xctest */;
			productType = "com.apple.product-type.bundle.unit-test";
		};
		AE5124F1278D56A900B574D7 /* CaturdayUITests */ = {
			isa = PBXNativeTarget;
			buildConfigurationList = AE512502278D56A900B574D7 /* Build configuration list for PBXNativeTarget "CaturdayUITests" */;
			buildPhases = (
				AE5124EE278D56A900B574D7 /* Sources */,
				AE5124EF278D56A900B574D7 /* Frameworks */,
				AE5124F0278D56A900B574D7 /* Resources */,
			);
			buildRules = (
			);
			dependencies = (
				AE5124F4278D56A900B574D7 /* PBXTargetDependency */,
			);
			name = CaturdayUITests;
			productName = CaturdayUITests;
			productReference = AE5124F2278D56A900B574D7 /* CaturdayUITests.xctest */;
			productType = "com.apple.product-type.bundle.ui-testing";
		};
/* End PBXNativeTarget section */

/* Begin PBXProject section */
		AE5124D0278D56A700B574D7 /* Project object */ = {
			isa = PBXProject;
			attributes = {
				BuildIndependentTargetsInParallel = 1;
				LastSwiftUpdateCheck = 1310;
				LastUpgradeCheck = 1310;
				TargetAttributes = {
					AE5124D7278D56A700B574D7 = {
						CreatedOnToolsVersion = 13.1;
					};
					AE5124E7278D56A900B574D7 = {
						CreatedOnToolsVersion = 13.1;
						TestTargetID = AE5124D7278D56A700B574D7;
					};
					AE5124F1278D56A900B574D7 = {
						CreatedOnToolsVersion = 13.1;
						TestTargetID = AE5124D7278D56A700B574D7;
					};
				};
			};
			buildConfigurationList = AE5124D3278D56A700B574D7 /* Build configuration list for PBXProject "Caturday" */;
			compatibilityVersion = "Xcode 13.0";
			developmentRegion = en;
			hasScannedForEncodings = 0;
			knownRegions = (
				en,
				Base,
			);
			mainGroup = AE5124CF278D56A700B574D7;
			productRefGroup = AE5124D9278D56A700B574D7 /* Products */;
			projectDirPath = "";
			projectRoot = "";
			targets = (
				AE5124D7278D56A700B574D7 /* Caturday */,
				AE5124E7278D56A900B574D7 /* CaturdayTests */,
				AE5124F1278D56A900B574D7 /* CaturdayUITests */,
			);
		};
/* End PBXProject section */

/* Begin PBXResourcesBuildPhase section */
		AE5124D6278D56A700B574D7 /* Resources */ = {
			isa = PBXResourcesBuildPhase;
			buildActionMask = 2147483647;
			files = (
				AE5124E3278D56A800B574D7 /* Preview Assets.xcassets in Resources */,
				AE5124E0278D56A800B574D7 /* Assets.xcassets in Resources */,
			);
			runOnlyForDeploymentPostprocessing = 0;
		};
		AE5124E6278D56A900B574D7 /* Resources */ = {
			isa = PBXResourcesBuildPhase;
			buildActionMask = 2147483647;
			files = (
			);
			runOnlyForDeploymentPostprocessing = 0;
		};
		AE5124F0278D56A900B574D7 /* Resources */ = {
			isa = PBXResourcesBuildPhase;
			buildActionMask = 2147483647;
			files = (
			);
			runOnlyForDeploymentPostprocessing = 0;
		};
/* End PBXResourcesBuildPhase section */

/* Begin PBXSourcesBuildPhase section */
		AE5124D4278D56A700B574D7 /* Sources */ = {
			isa = PBXSourcesBuildPhase;
			buildActionMask = 2147483647;
			files = (
				AE29C4042797758700F993FB /* StarView.swift in Sources */,
				AEC5E704278DDE4200A1F3DC /* APIError.swift in Sources */,
				AE51250B278D587B00B574D7 /* CatImage.swift in Sources */,
				AE51250F278D634F00B574D7 /* CatListView.swift in Sources */,
				AE5124DE278D56A700B574D7 /* ContentView.swift in Sources */,
				AEC561C9278F34CA00FFD188 /* CatDetailView.swift in Sources */,
				AE51250D278D615200B574D7 /* NetworkManager.swift in Sources */,
				AEC561C7278F347600FFD188 /* CatRowView.swift in Sources */,
				AED364B02790908B006642AB /* APIMockService.swift in Sources */,
				AE789438279B503800CDE7FF /* CatPageView.swift in Sources */,
				AE8D325B27962E1A001CF9FF /* TabMenuView.swift in Sources */,
				AE29C40227975E1200F993FB /* CatMainView.swift in Sources */,
				AED364B2279090D4006642AB /* APIServiceProtocol.swift in Sources */,
				AE512511278D636300B574D7 /* ErrorView.swift in Sources */,
				AE61890B278E1EEE00745C16 /* APIService.swift in Sources */,
				AE512513278D636900B574D7 /* LoadingView.swift in Sources */,
				AE5124DC278D56A700B574D7 /* CaturdayApp.swift in Sources */,
				AE512509278D581100B574D7 /* Cat.swift in Sources */,
				AE8D325D27962E38001CF9FF /* Tabs.swift in Sources */,
				AE29C4082797C98100F993FB /* CatEtcView.swift in Sources */,
				AE29C4062797876E00F993FB /* CatStatsView.swift in Sources */,
			);
			runOnlyForDeploymentPostprocessing = 0;
		};
		AE5124E4278D56A900B574D7 /* Sources */ = {
			isa = PBXSourcesBuildPhase;
			buildActionMask = 2147483647;
			files = (
				AE5124ED278D56A900B574D7 /* CaturdayTests.swift in Sources */,
			);
			runOnlyForDeploymentPostprocessing = 0;
		};
		AE5124EE278D56A900B574D7 /* Sources */ = {
			isa = PBXSourcesBuildPhase;
			buildActionMask = 2147483647;
			files = (
				AE5124F9278D56A900B574D7 /* CaturdayUITestsLaunchTests.swift in Sources */,
				AE5124F7278D56A900B574D7 /* CaturdayUITests.swift in Sources */,
			);
			runOnlyForDeploymentPostprocessing = 0;
		};
/* End PBXSourcesBuildPhase section */

/* Begin PBXTargetDependency section */
		AE5124EA278D56A900B574D7 /* PBXTargetDependency */ = {
			isa = PBXTargetDependency;
			target = AE5124D7278D56A700B574D7 /* Caturday */;
			targetProxy = AE5124E9278D56A900B574D7 /* PBXContainerItemProxy */;
		};
		AE5124F4278D56A900B574D7 /* PBXTargetDependency */ = {
			isa = PBXTargetDependency;
			target = AE5124D7278D56A700B574D7 /* Caturday */;
			targetProxy = AE5124F3278D56A900B574D7 /* PBXContainerItemProxy */;
		};
/* End PBXTargetDependency section */

/* Begin XCBuildConfiguration section */
		AE5124FA278D56A900B574D7 /* Debug */ = {
			isa = XCBuildConfiguration;
			buildSettings = {
				ALWAYS_SEARCH_USER_PATHS = NO;
				CLANG_ANALYZER_NONNULL = YES;
				CLANG_ANALYZER_NUMBER_OBJECT_CONVERSION = YES_AGGRESSIVE;
				CLANG_CXX_LANGUAGE_STANDARD = "gnu++17";
				CLANG_CXX_LIBRARY = "libc++";
				CLANG_ENABLE_MODULES = YES;
				CLANG_ENABLE_OBJC_ARC = YES;
				CLANG_ENABLE_OBJC_WEAK = YES;
				CLANG_WARN_BLOCK_CAPTURE_AUTORELEASING = YES;
				CLANG_WARN_BOOL_CONVERSION = YES;
				CLANG_WARN_COMMA = YES;
				CLANG_WARN_CONSTANT_CONVERSION = YES;
				CLANG_WARN_DEPRECATED_OBJC_IMPLEMENTATIONS = YES;
				CLANG_WARN_DIRECT_OBJC_ISA_USAGE = YES_ERROR;
				CLANG_WARN_DOCUMENTATION_COMMENTS = YES;
				CLANG_WARN_EMPTY_BODY = YES;
				CLANG_WARN_ENUM_CONVERSION = YES;
				CLANG_WARN_INFINITE_RECURSION = YES;
				CLANG_WARN_INT_CONVERSION = YES;
				CLANG_WARN_NON_LITERAL_NULL_CONVERSION = YES;
				CLANG_WARN_OBJC_IMPLICIT_RETAIN_SELF = YES;
				CLANG_WARN_OBJC_LITERAL_CONVERSION = YES;
				CLANG_WARN_OBJC_ROOT_CLASS = YES_ERROR;
				CLANG_WARN_QUOTED_INCLUDE_IN_FRAMEWORK_HEADER = YES;
				CLANG_WARN_RANGE_LOOP_ANALYSIS = YES;
				CLANG_WARN_STRICT_PROTOTYPES = YES;
				CLANG_WARN_SUSPICIOUS_MOVE = YES;
				CLANG_WARN_UNGUARDED_AVAILABILITY = YES_AGGRESSIVE;
				CLANG_WARN_UNREACHABLE_CODE = YES;
				CLANG_WARN__DUPLICATE_METHOD_MATCH = YES;
				COPY_PHASE_STRIP = NO;
				DEBUG_INFORMATION_FORMAT = dwarf;
				ENABLE_STRICT_OBJC_MSGSEND = YES;
				ENABLE_TESTABILITY = YES;
				GCC_C_LANGUAGE_STANDARD = gnu11;
				GCC_DYNAMIC_NO_PIC = NO;
				GCC_NO_COMMON_BLOCKS = YES;
				GCC_OPTIMIZATION_LEVEL = 0;
				GCC_PREPROCESSOR_DEFINITIONS = (
					"DEBUG=1",
					"$(inherited)",
				);
				GCC_WARN_64_TO_32_BIT_CONVERSION = YES;
				GCC_WARN_ABOUT_RETURN_TYPE = YES_ERROR;
				GCC_WARN_UNDECLARED_SELECTOR = YES;
				GCC_WARN_UNINITIALIZED_AUTOS = YES_AGGRESSIVE;
				GCC_WARN_UNUSED_FUNCTION = YES;
				GCC_WARN_UNUSED_VARIABLE = YES;
				IPHONEOS_DEPLOYMENT_TARGET = 15.0;
				MTL_ENABLE_DEBUG_INFO = INCLUDE_SOURCE;
				MTL_FAST_MATH = YES;
				ONLY_ACTIVE_ARCH = YES;
				SDKROOT = iphoneos;
				SWIFT_ACTIVE_COMPILATION_CONDITIONS = DEBUG;
				SWIFT_OPTIMIZATION_LEVEL = "-Onone";
			};
			name = Debug;
		};
		AE5124FB278D56A900B574D7 /* Release */ = {
			isa = XCBuildConfiguration;
			buildSettings = {
				ALWAYS_SEARCH_USER_PATHS = NO;
				CLANG_ANALYZER_NONNULL = YES;
				CLANG_ANALYZER_NUMBER_OBJECT_CONVERSION = YES_AGGRESSIVE;
				CLANG_CXX_LANGUAGE_STANDARD = "gnu++17";
				CLANG_CXX_LIBRARY = "libc++";
				CLANG_ENABLE_MODULES = YES;
				CLANG_ENABLE_OBJC_ARC = YES;
				CLANG_ENABLE_OBJC_WEAK = YES;
				CLANG_WARN_BLOCK_CAPTURE_AUTORELEASING = YES;
				CLANG_WARN_BOOL_CONVERSION = YES;
				CLANG_WARN_COMMA = YES;
				CLANG_WARN_CONSTANT_CONVERSION = YES;
				CLANG_WARN_DEPRECATED_OBJC_IMPLEMENTATIONS = YES;
				CLANG_WARN_DIRECT_OBJC_ISA_USAGE = YES_ERROR;
				CLANG_WARN_DOCUMENTATION_COMMENTS = YES;
				CLANG_WARN_EMPTY_BODY = YES;
				CLANG_WARN_ENUM_CONVERSION = YES;
				CLANG_WARN_INFINITE_RECURSION = YES;
				CLANG_WARN_INT_CONVERSION = YES;
				CLANG_WARN_NON_LITERAL_NULL_CONVERSION = YES;
				CLANG_WARN_OBJC_IMPLICIT_RETAIN_SELF = YES;
				CLANG_WARN_OBJC_LITERAL_CONVERSION = YES;
				CLANG_WARN_OBJC_ROOT_CLASS = YES_ERROR;
				CLANG_WARN_QUOTED_INCLUDE_IN_FRAMEWORK_HEADER = YES;
				CLANG_WARN_RANGE_LOOP_ANALYSIS = YES;
				CLANG_WARN_STRICT_PROTOTYPES = YES;
				CLANG_WARN_SUSPICIOUS_MOVE = YES;
				CLANG_WARN_UNGUARDED_AVAILABILITY = YES_AGGRESSIVE;
				CLANG_WARN_UNREACHABLE_CODE = YES;
				CLANG_WARN__DUPLICATE_METHOD_MATCH = YES;
				COPY_PHASE_STRIP = NO;
				DEBUG_INFORMATION_FORMAT = "dwarf-with-dsym";
				ENABLE_NS_ASSERTIONS = NO;
				ENABLE_STRICT_OBJC_MSGSEND = YES;
				GCC_C_LANGUAGE_STANDARD = gnu11;
				GCC_NO_COMMON_BLOCKS = YES;
				GCC_WARN_64_TO_32_BIT_CONVERSION = YES;
				GCC_WARN_ABOUT_RETURN_TYPE = YES_ERROR;
				GCC_WARN_UNDECLARED_SELECTOR = YES;
				GCC_WARN_UNINITIALIZED_AUTOS = YES_AGGRESSIVE;
				GCC_WARN_UNUSED_FUNCTION = YES;
				GCC_WARN_UNUSED_VARIABLE = YES;
				IPHONEOS_DEPLOYMENT_TARGET = 15.0;
				MTL_ENABLE_DEBUG_INFO = NO;
				MTL_FAST_MATH = YES;
				SDKROOT = iphoneos;
				SWIFT_COMPILATION_MODE = wholemodule;
				SWIFT_OPTIMIZATION_LEVEL = "-O";
				VALIDATE_PRODUCT = YES;
			};
			name = Release;
		};
		AE5124FD278D56A900B574D7 /* Debug */ = {
			isa = XCBuildConfiguration;
			buildSettings = {
				ASSETCATALOG_COMPILER_APPICON_NAME = AppIcon;
				ASSETCATALOG_COMPILER_GLOBAL_ACCENT_COLOR_NAME = AccentColor;
				ASSETCATALOG_COMPILER_INCLUDE_ALL_APPICON_ASSETS = YES;
				CODE_SIGN_STYLE = Automatic;
				CURRENT_PROJECT_VERSION = 1;
				DEVELOPMENT_ASSET_PATHS = "\"Caturday/Preview Content\"";
				DEVELOPMENT_TEAM = 2RWG35WNRQ;
				ENABLE_PREVIEWS = YES;
				GENERATE_INFOPLIST_FILE = YES;
				INFOPLIST_KEY_UIApplicationSceneManifest_Generation = YES;
				INFOPLIST_KEY_UIApplicationSupportsIndirectInputEvents = YES;
				INFOPLIST_KEY_UILaunchScreen_Generation = YES;
				INFOPLIST_KEY_UISupportedInterfaceOrientations = UIInterfaceOrientationPortrait;
				INFOPLIST_KEY_UISupportedInterfaceOrientations_iPad = "UIInterfaceOrientationPortrait UIInterfaceOrientationPortraitUpsideDown UIInterfaceOrientationLandscapeLeft UIInterfaceOrientationLandscapeRight";
				INFOPLIST_KEY_UISupportedInterfaceOrientations_iPhone = "UIInterfaceOrientationPortrait UIInterfaceOrientationLandscapeLeft UIInterfaceOrientationLandscapeRight";
				LD_RUNPATH_SEARCH_PATHS = (
					"$(inherited)",
					"@executable_path/Frameworks",
				);
				MARKETING_VERSION = 1.0;
				PRODUCT_BUNDLE_IDENTIFIER = "com.jae-young.Caturday";
				PRODUCT_NAME = "$(TARGET_NAME)";
				SWIFT_EMIT_LOC_STRINGS = YES;
				SWIFT_VERSION = 5.0;
				TARGETED_DEVICE_FAMILY = 1;
			};
			name = Debug;
		};
		AE5124FE278D56A900B574D7 /* Release */ = {
			isa = XCBuildConfiguration;
			buildSettings = {
				ASSETCATALOG_COMPILER_APPICON_NAME = AppIcon;
				ASSETCATALOG_COMPILER_GLOBAL_ACCENT_COLOR_NAME = AccentColor;
				ASSETCATALOG_COMPILER_INCLUDE_ALL_APPICON_ASSETS = YES;
				CODE_SIGN_STYLE = Automatic;
				CURRENT_PROJECT_VERSION = 1;
				DEVELOPMENT_ASSET_PATHS = "\"Caturday/Preview Content\"";
				DEVELOPMENT_TEAM = 2RWG35WNRQ;
				ENABLE_PREVIEWS = YES;
				GENERATE_INFOPLIST_FILE = YES;
				INFOPLIST_KEY_UIApplicationSceneManifest_Generation = YES;
				INFOPLIST_KEY_UIApplicationSupportsIndirectInputEvents = YES;
				INFOPLIST_KEY_UILaunchScreen_Generation = YES;
				INFOPLIST_KEY_UISupportedInterfaceOrientations = UIInterfaceOrientationPortrait;
				INFOPLIST_KEY_UISupportedInterfaceOrientations_iPad = "UIInterfaceOrientationPortrait UIInterfaceOrientationPortraitUpsideDown UIInterfaceOrientationLandscapeLeft UIInterfaceOrientationLandscapeRight";
				INFOPLIST_KEY_UISupportedInterfaceOrientations_iPhone = "UIInterfaceOrientationPortrait UIInterfaceOrientationLandscapeLeft UIInterfaceOrientationLandscapeRight";
				LD_RUNPATH_SEARCH_PATHS = (
					"$(inherited)",
					"@executable_path/Frameworks",
				);
				MARKETING_VERSION = 1.0;
				PRODUCT_BUNDLE_IDENTIFIER = "com.jae-young.Caturday";
				PRODUCT_NAME = "$(TARGET_NAME)";
				SWIFT_EMIT_LOC_STRINGS = YES;
				SWIFT_VERSION = 5.0;
				TARGETED_DEVICE_FAMILY = 1;
			};
			name = Release;
		};
		AE512500278D56A900B574D7 /* Debug */ = {
			isa = XCBuildConfiguration;
			buildSettings = {
				ALWAYS_EMBED_SWIFT_STANDARD_LIBRARIES = YES;
				BUNDLE_LOADER = "$(TEST_HOST)";
				CODE_SIGN_STYLE = Automatic;
				CURRENT_PROJECT_VERSION = 1;
				DEVELOPMENT_TEAM = 2RWG35WNRQ;
				GENERATE_INFOPLIST_FILE = YES;
				IPHONEOS_DEPLOYMENT_TARGET = 15.0;
				LD_RUNPATH_SEARCH_PATHS = (
					"$(inherited)",
					"@executable_path/Frameworks",
					"@loader_path/Frameworks",
				);
				MARKETING_VERSION = 1.0;
				PRODUCT_BUNDLE_IDENTIFIER = "com.jae-young.CaturdayTests";
				PRODUCT_NAME = "$(TARGET_NAME)";
				SWIFT_EMIT_LOC_STRINGS = NO;
				SWIFT_VERSION = 5.0;
				TARGETED_DEVICE_FAMILY = "1,2";
				TEST_HOST = "$(BUILT_PRODUCTS_DIR)/Caturday.app/Caturday";
			};
			name = Debug;
		};
		AE512501278D56A900B574D7 /* Release */ = {
			isa = XCBuildConfiguration;
			buildSettings = {
				ALWAYS_EMBED_SWIFT_STANDARD_LIBRARIES = YES;
				BUNDLE_LOADER = "$(TEST_HOST)";
				CODE_SIGN_STYLE = Automatic;
				CURRENT_PROJECT_VERSION = 1;
				DEVELOPMENT_TEAM = 2RWG35WNRQ;
				GENERATE_INFOPLIST_FILE = YES;
				IPHONEOS_DEPLOYMENT_TARGET = 15.0;
				LD_RUNPATH_SEARCH_PATHS = (
					"$(inherited)",
					"@executable_path/Frameworks",
					"@loader_path/Frameworks",
				);
				MARKETING_VERSION = 1.0;
				PRODUCT_BUNDLE_IDENTIFIER = "com.jae-young.CaturdayTests";
				PRODUCT_NAME = "$(TARGET_NAME)";
				SWIFT_EMIT_LOC_STRINGS = NO;
				SWIFT_VERSION = 5.0;
				TARGETED_DEVICE_FAMILY = "1,2";
				TEST_HOST = "$(BUILT_PRODUCTS_DIR)/Caturday.app/Caturday";
			};
			name = Release;
		};
		AE512503278D56A900B574D7 /* Debug */ = {
			isa = XCBuildConfiguration;
			buildSettings = {
				ALWAYS_EMBED_SWIFT_STANDARD_LIBRARIES = YES;
				CODE_SIGN_STYLE = Automatic;
				CURRENT_PROJECT_VERSION = 1;
				DEVELOPMENT_TEAM = 2RWG35WNRQ;
				GENERATE_INFOPLIST_FILE = YES;
				LD_RUNPATH_SEARCH_PATHS = (
					"$(inherited)",
					"@executable_path/Frameworks",
					"@loader_path/Frameworks",
				);
				MARKETING_VERSION = 1.0;
				PRODUCT_BUNDLE_IDENTIFIER = "com.jae-young.CaturdayUITests";
				PRODUCT_NAME = "$(TARGET_NAME)";
				SWIFT_EMIT_LOC_STRINGS = NO;
				SWIFT_VERSION = 5.0;
				TARGETED_DEVICE_FAMILY = "1,2";
				TEST_TARGET_NAME = Caturday;
			};
			name = Debug;
		};
		AE512504278D56A900B574D7 /* Release */ = {
			isa = XCBuildConfiguration;
			buildSettings = {
				ALWAYS_EMBED_SWIFT_STANDARD_LIBRARIES = YES;
				CODE_SIGN_STYLE = Automatic;
				CURRENT_PROJECT_VERSION = 1;
				DEVELOPMENT_TEAM = 2RWG35WNRQ;
				GENERATE_INFOPLIST_FILE = YES;
				LD_RUNPATH_SEARCH_PATHS = (
					"$(inherited)",
					"@executable_path/Frameworks",
					"@loader_path/Frameworks",
				);
				MARKETING_VERSION = 1.0;
				PRODUCT_BUNDLE_IDENTIFIER = "com.jae-young.CaturdayUITests";
				PRODUCT_NAME = "$(TARGET_NAME)";
				SWIFT_EMIT_LOC_STRINGS = NO;
				SWIFT_VERSION = 5.0;
				TARGETED_DEVICE_FAMILY = "1,2";
				TEST_TARGET_NAME = Caturday;
			};
			name = Release;
		};
/* End XCBuildConfiguration section */

/* Begin XCConfigurationList section */
		AE5124D3278D56A700B574D7 /* Build configuration list for PBXProject "Caturday" */ = {
			isa = XCConfigurationList;
			buildConfigurations = (
				AE5124FA278D56A900B574D7 /* Debug */,
				AE5124FB278D56A900B574D7 /* Release */,
			);
			defaultConfigurationIsVisible = 0;
			defaultConfigurationName = Release;
		};
		AE5124FC278D56A900B574D7 /* Build configuration list for PBXNativeTarget "Caturday" */ = {
			isa = XCConfigurationList;
			buildConfigurations = (
				AE5124FD278D56A900B574D7 /* Debug */,
				AE5124FE278D56A900B574D7 /* Release */,
			);
			defaultConfigurationIsVisible = 0;
			defaultConfigurationName = Release;
		};
		AE5124FF278D56A900B574D7 /* Build configuration list for PBXNativeTarget "CaturdayTests" */ = {
			isa = XCConfigurationList;
			buildConfigurations = (
				AE512500278D56A900B574D7 /* Debug */,
				AE512501278D56A900B574D7 /* Release */,
			);
			defaultConfigurationIsVisible = 0;
			defaultConfigurationName = Release;
		};
		AE512502278D56A900B574D7 /* Build configuration list for PBXNativeTarget "CaturdayUITests" */ = {
			isa = XCConfigurationList;
			buildConfigurations = (
				AE512503278D56A900B574D7 /* Debug */,
				AE512504278D56A900B574D7 /* Release */,
			);
			defaultConfigurationIsVisible = 0;
			defaultConfigurationName = Release;
		};
/* End XCConfigurationList section */
	};
	rootObject = AE5124D0278D56A700B574D7 /* Project object */;
}
